{
  "name": "maket.k",
  "lockfileVersion": 2,
  "requires": true,
  "packages": {
    "": {
      "dependencies": {
        "details": "^1.0.0",
        "for": "^0.1.0"
      }
    },
    "node_modules/details": {
      "version": "1.0.0",
      "resolved": "https://registry.npmjs.org/details/-/details-1.0.0.tgz",
      "integrity": "sha1-ifyAE9dcBKuxDtfzkX+SivxpF1w="
    },
    "node_modules/for": {
      "version": "0.1.0",
      "resolved": "https://registry.npmjs.org/for/-/for-0.1.0.tgz",
      "integrity": "sha1-lD3KZBeLt6APEBrUKNAsagTxrBk="
    }
  },
  "dependencies": {
    "details": {
      "version": "1.0.0",
      "resolved": "https://registry.npmjs.org/details/-/details-1.0.0.tgz",
      "integrity": "sha1-ifyAE9dcBKuxDtfzkX+SivxpF1w="
    },
    "for": {
      "version": "0.1.0",
      "resolved": "https://registry.npmjs.org/for/-/for-0.1.0.tgz",
      "integrity": "sha1-lD3KZBeLt6APEBrUKNAsagTxrBk="
    }
  }
}
